# THIS IS AN AUTOGENERATED FILE. DO NOT EDIT THIS FILE DIRECTLY.
# yarn lockfile v1


"@types/bson@*":
  version "1.0.4"
  resolved "https://registry.yarnpkg.com/@types/bson/-/bson-1.0.4.tgz#94260b6b96fa459346959c9216799d8919e95d2b"
  dependencies:
    "@types/node" "*"

"@types/mongodb@*":
  version "2.2.15"
  resolved "https://registry.yarnpkg.com/@types/mongodb/-/mongodb-2.2.15.tgz#42577d8a92b9840dad440acf92fea6435c1fcfb3"
  dependencies:
    "@types/bson" "*"
    "@types/node" "*"

"@types/mongoose@^4.7.23":
  version "4.7.27"
  resolved "https://registry.yarnpkg.com/@types/mongoose/-/mongoose-4.7.27.tgz#dba184904d7e6a008f9410073ac02e809ef70a61"
  dependencies:
    "@types/mongodb" "*"
    "@types/node" "*"

"@types/node@*", "@types/node@^8.0.28":
  version "8.0.53"
  resolved "https://registry.yarnpkg.com/@types/node/-/node-8.0.53.tgz#396b35af826fa66aad472c8cb7b8d5e277f4e6d8"

async-limiter@~1.0.0:
  version "1.0.0"
  resolved "https://registry.yarnpkg.com/async-limiter/-/async-limiter-1.0.0.tgz#78faed8c3d074ab81f22b4e985d79e8738f720f8"

discord.js@^11.2.1:
  version "11.2.1"
  resolved "https://registry.yarnpkg.com/discord.js/-/discord.js-11.2.1.tgz#bfc0f5a8b6398dc372d026e503592646456053fc"
  dependencies:
    long "^3.2.0"
    prism-media "^0.0.1"
    snekfetch "^3.3.0"
    tweetnacl "^1.0.0"
    ws "^3.1.0"

long@^3.2.0:
  version "3.2.0"
  resolved "https://registry.yarnpkg.com/long/-/long-3.2.0.tgz#d821b7138ca1cb581c172990ef14db200b5c474b"

prism-media@^0.0.1:
  version "0.0.1"
  resolved "https://registry.yarnpkg.com/prism-media/-/prism-media-0.0.1.tgz#a3425c9cabd50d1c6c02e543941a11895667bd10"

safe-buffer@~5.1.0:
  version "5.1.1"
  resolved "https://registry.yarnpkg.com/safe-buffer/-/safe-buffer-5.1.1.tgz#893312af69b2123def71f57889001671eeb2c853"

snekfetch@^3.3.0:
  version "3.5.8"
  resolved "https://registry.yarnpkg.com/snekfetch/-/snekfetch-3.5.8.tgz#4d4e539f8435352105e74c392f62f66740a27d6c"

tweetnacl@^1.0.0:
  version "1.0.0"
  resolved "https://registry.yarnpkg.com/tweetnacl/-/tweetnacl-1.0.0.tgz#713d8b818da42068740bf68386d0479e66fc8a7b"

ultron@~1.1.0:
  version "1.1.0"
  resolved "https://registry.yarnpkg.com/ultron/-/ultron-1.1.0.tgz#b07a2e6a541a815fc6a34ccd4533baec307ca864"

ws@^3.1.0:
  version "3.3.2"
  resolved "https://registry.yarnpkg.com/ws/-/ws-3.3.2.tgz#96c1d08b3fefda1d5c1e33700d3bfaa9be2d5608"
  dependencies:
    async-limiter "~1.0.0"
    safe-buffer "~5.1.0"
    ultron "~1.1.0"
